
Microsoft Visual Studio Solution File, Format Version 12.00
# Visual Studio Version 17
VisualStudioVersion = 17.12.35514.174
MinimumVisualStudioVersion = 10.0.40219.1
Project("{FAE04EC0-301F-11D3-BF4B-00C04F79EFBC}") = "MedicineShopAPI", "MedicineShopAPI\MedicineShopAPI.csproj", "{85E72DA6-61F7-4DE7-9061-A18F425EECFF}"
EndProject
Project("{FAE04EC0-301F-11D3-BF4B-00C04F79EFBC}") = "ModelClasses", "ModelClasses\ModelClasses.csproj", "{7E7782FC-7774-4121-9803-F2AB378F165D}"
EndProject
Project("{FAE04EC0-301F-11D3-BF4B-00C04F79EFBC}") = "Licence", "Licence\Licence.csproj", "{4D6AEFFF-8BBC-4E5C-9453-5D45ECC466A0}"
EndProject
Project("{FAE04EC0-301F-11D3-BF4B-00C04F79EFBC}") = "Common.UI", "Common.UI\Common.UI.csproj", "{6F425393-4E3D-49FF-9157-B4E9FFA53EBE}"
EndProject
Project("{FAE04EC0-301F-11D3-BF4B-00C04F79EFBC}") = "VaiVaiPharmacy.UI", "VaiVaiPharmacy.UI\VaiVaiPharmacy.UI.csproj", "{2A631D0D-C92C-4E0C-9D2D-DAE67622E00D}"
EndProject
Global
	GlobalSection(SolutionConfigurationPlatforms) = preSolution
		Debug|Any CPU = Debug|Any CPU
		Release|Any CPU = Release|Any CPU
	EndGlobalSection
	GlobalSection(ProjectConfigurationPlatforms) = postSolution
		{85E72DA6-61F7-4DE7-9061-A18F425EECFF}.Debug|Any CPU.ActiveCfg = Debug|Any CPU
		{85E72DA6-61F7-4DE7-9061-A18F425EECFF}.Debug|Any CPU.Build.0 = Debug|Any CPU
		{85E72DA6-61F7-4DE7-9061-A18F425EECFF}.Release|Any CPU.ActiveCfg = Release|Any CPU
		{85E72DA6-61F7-4DE7-9061-A18F425EECFF}.Release|Any CPU.Build.0 = Release|Any CPU
		{7E7782FC-7774-4121-9803-F2AB378F165D}.Debug|Any CPU.ActiveCfg = Debug|Any CPU
		{7E7782FC-7774-4121-9803-F2AB378F165D}.Debug|Any CPU.Build.0 = Debug|Any CPU
		{7E7782FC-7774-4121-9803-F2AB378F165D}.Release|Any CPU.ActiveCfg = Release|Any CPU
		{7E7782FC-7774-4121-9803-F2AB378F165D}.Release|Any CPU.Build.0 = Release|Any CPU
		{4D6AEFFF-8BBC-4E5C-9453-5D45ECC466A0}.Debug|Any CPU.ActiveCfg = Debug|Any CPU
		{4D6AEFFF-8BBC-4E5C-9453-5D45ECC466A0}.Debug|Any CPU.Build.0 = Debug|Any CPU
		{4D6AEFFF-8BBC-4E5C-9453-5D45ECC466A0}.Release|Any CPU.ActiveCfg = Release|Any CPU
		{4D6AEFFF-8BBC-4E5C-9453-5D45ECC466A0}.Release|Any CPU.Build.0 = Release|Any CPU
		{6F425393-4E3D-49FF-9157-B4E9FFA53EBE}.Debug|Any CPU.ActiveCfg = Debug|Any CPU
		{6F425393-4E3D-49FF-9157-B4E9FFA53EBE}.Debug|Any CPU.Build.0 = Debug|Any CPU
		{6F425393-4E3D-49FF-9157-B4E9FFA53EBE}.Release|Any CPU.ActiveCfg = Release|Any CPU
		{6F425393-4E3D-49FF-9157-B4E9FFA53EBE}.Release|Any CPU.Build.0 = Release|Any CPU
		{2A631D0D-C92C-4E0C-9D2D-DAE67622E00D}.Debug|Any CPU.ActiveCfg = Debug|Any CPU
		{2A631D0D-C92C-4E0C-9D2D-DAE67622E00D}.Debug|Any CPU.Build.0 = Debug|Any CPU
		{2A631D0D-C92C-4E0C-9D2D-DAE67622E00D}.Release|Any CPU.ActiveCfg = Release|Any CPU
		{2A631D0D-C92C-4E0C-9D2D-DAE67622E00D}.Release|Any CPU.Build.0 = Release|Any CPU
	EndGlobalSection
	GlobalSection(SolutionProperties) = preSolution
		HideSolutionNode = FALSE
	EndGlobalSection
EndGlobal
